// !$*UTF8*$!
{
	archiveVersion = 1;
	classes = {
	};
	objectVersion = 46;
	objects = {

/* Begin PBXBuildFile section */
		21FB6ADD1BF53E4F003C82BB /* LetsMove.h in Headers */ = {isa = PBXBuildFile; fileRef = 21FB6ADC1BF53E4F003C82BB /* LetsMove.h */; settings = {ATTRIBUTES = (Public, ); }; };
		21FB6AE11BF53E4F003C82BB /* LetsMove.framework in Frameworks */ = {isa = PBXBuildFile; fileRef = 21FB6ADA1BF53E4F003C82BB /* LetsMove.framework */; };
		21FB6AE21BF53E4F003C82BB /* LetsMove.framework in Embed Frameworks */ = {isa = PBXBuildFile; fileRef = 21FB6ADA1BF53E4F003C82BB /* LetsMove.framework */; settings = {ATTRIBUTES = (CodeSignOnCopy, RemoveHeadersOnCopy, ); }; };
		21FB6B0A1BF53EED003C82BB /* PFMoveApplication.h in Headers */ = {isa = PBXBuildFile; fileRef = 21FB6AE91BF53EED003C82BB /* PFMoveApplication.h */; settings = {ATTRIBUTES = (Public, ); }; };
		21FB6B0B1BF53EED003C82BB /* PFMoveApplication.m in Sources */ = {isa = PBXBuildFile; fileRef = 21FB6AEA1BF53EED003C82BB /* PFMoveApplication.m */; settings = {COMPILER_FLAGS = "-fno-objc-arc"; }; };
		21FB6B0C1BF53EED003C82BB /* MoveApplication.strings in Resources */ = {isa = PBXBuildFile; fileRef = 21FB6AEC1BF53EED003C82BB /* MoveApplication.strings */; };
		21FB6B1D1BF53F31003C82BB /* LetsMoveAppDelegate.m in Sources */ = {isa = PBXBuildFile; fileRef = 21FB6B141BF53F1F003C82BB /* LetsMoveAppDelegate.m */; };
		21FB6B1E1BF53F31003C82BB /* main.m in Sources */ = {isa = PBXBuildFile; fileRef = 21FB6B151BF53F1F003C82BB /* main.m */; };
		21FB6B1F1BF53F31003C82BB /* MainMenu.xib in Resources */ = {isa = PBXBuildFile; fileRef = 21FB6B161BF53F1F003C82BB /* MainMenu.xib */; };
		6317AB1E1068842E000355D9 /* Security.framework in Frameworks */ = {isa = PBXBuildFile; fileRef = 6317AB1D1068842E000355D9 /* Security.framework */; };
		8D11072F0486CEB800E47090 /* Cocoa.framework in Frameworks */ = {isa = PBXBuildFile; fileRef = 1058C7A1FEA54F0111CA2CBB /* Cocoa.framework */; };
/* End PBXBuildFile section */

/* Begin PBXContainerItemProxy section */
		21FB6ADF1BF53E4F003C82BB /* PBXContainerItemProxy */ = {
			isa = PBXContainerItemProxy;
			containerPortal = 29B97313FDCFA39411CA2CEA /* Project object */;
			proxyType = 1;
			remoteGlobalIDString = 21FB6AD91BF53E4F003C82BB;
			remoteInfo = LetsMove;
		};
/* End PBXContainerItemProxy section */

/* Begin PBXCopyFilesBuildPhase section */
		21FB6AE61BF53E4F003C82BB /* Embed Frameworks */ = {
			isa = PBXCopyFilesBuildPhase;
			buildActionMask = 2147483647;
			dstPath = "";
			dstSubfolderSpec = 10;
			files = (
				21FB6AE21BF53E4F003C82BB /* LetsMove.framework in Embed Frameworks */,
			);
			name = "Embed Frameworks";
			runOnlyForDeploymentPostprocessing = 0;
		};
/* End PBXCopyFilesBuildPhase section */

/* Begin PBXFileReference section */
		1058C7A1FEA54F0111CA2CBB /* Cocoa.framework */ = {isa = PBXFileReference; lastKnownFileType = wrapper.framework; name = Cocoa.framework; path = /System/Library/Frameworks/Cocoa.framework; sourceTree = "<absolute>"; };
		13E42FB307B3F0F600E4EEF1 /* CoreData.framework */ = {isa = PBXFileReference; lastKnownFileType = wrapper.framework; name = CoreData.framework; path = /System/Library/Frameworks/CoreData.framework; sourceTree = "<absolute>"; };
		21FB6ADA1BF53E4F003C82BB /* LetsMove.framework */ = {isa = PBXFileReference; explicitFileType = wrapper.framework; includeInIndex = 0; path = LetsMove.framework; sourceTree = BUILT_PRODUCTS_DIR; };
		21FB6ADC1BF53E4F003C82BB /* LetsMove.h */ = {isa = PBXFileReference; lastKnownFileType = sourcecode.c.h; path = LetsMove.h; sourceTree = "<group>"; };
		21FB6AE91BF53EED003C82BB /* PFMoveApplication.h */ = {isa = PBXFileReference; fileEncoding = 4; lastKnownFileType = sourcecode.c.h; path = PFMoveApplication.h; sourceTree = "<group>"; };
		21FB6AEA1BF53EED003C82BB /* PFMoveApplication.m */ = {isa = PBXFileReference; fileEncoding = 4; lastKnownFileType = sourcecode.c.objc; path = PFMoveApplication.m; sourceTree = "<group>"; };
		21FB6AED1BF53EED003C82BB /* ca */ = {isa = PBXFileReference; fileEncoding = 10; lastKnownFileType = text.plist.strings; name = ca; path = ca.lproj/MoveApplication.strings; sourceTree = "<group>"; };
		21FB6AEE1BF53EED003C82BB /* cs */ = {isa = PBXFileReference; fileEncoding = 10; lastKnownFileType = text.plist.strings; name = cs; path = cs.lproj/MoveApplication.strings; sourceTree = "<group>"; };
		21FB6AEF1BF53EED003C82BB /* da */ = {isa = PBXFileReference; fileEncoding = 10; lastKnownFileType = text.plist.strings; name = da; path = da.lproj/MoveApplication.strings; sourceTree = "<group>"; };
		21FB6AF01BF53EED003C82BB /* de */ = {isa = PBXFileReference; fileEncoding = 10; lastKnownFileType = text.plist.strings; name = de; path = de.lproj/MoveApplication.strings; sourceTree = "<group>"; };
		21FB6AF51BF53EED003C82BB /* en */ = {isa = PBXFileReference; fileEncoding = 10; lastKnownFileType = text.plist.strings; name = en; path = en.lproj/MoveApplication.strings; sourceTree = "<group>"; };
		21FB6AF61BF53EED003C82BB /* es */ = {isa = PBXFileReference; fileEncoding = 10; lastKnownFileType = text.plist.strings; name = es; path = es.lproj/MoveApplication.strings; sourceTree = "<group>"; };
		21FB6AF71BF53EED003C82BB /* fr */ = {isa = PBXFileReference; fileEncoding = 10; lastKnownFileType = text.plist.strings; name = fr; path = fr.lproj/MoveApplication.strings; sourceTree = "<group>"; };
		21FB6AF81BF53EED003C82BB /* hu */ = {isa = PBXFileReference; fileEncoding = 10; lastKnownFileType = text.plist.strings; name = hu; path = hu.lproj/MoveApplication.strings; sourceTree = "<group>"; };
		21FB6AF91BF53EED003C82BB /* Info.plist */ = {isa = PBXFileReference; fileEncoding = 4; lastKnownFileType = text.plist.xml; path = Info.plist; sourceTree = "<group>"; };
		21FB6AFA1BF53EED003C82BB /* it */ = {isa = PBXFileReference; fileEncoding = 10; lastKnownFileType = text.plist.strings; name = it; path = it.lproj/MoveApplication.strings; sourceTree = "<group>"; };
		21FB6AFB1BF53EED003C82BB /* ja */ = {isa = PBXFileReference; fileEncoding = 10; lastKnownFileType = text.plist.strings; name = ja; path = ja.lproj/MoveApplication.strings; sourceTree = "<group>"; };
		21FB6AFC1BF53EED003C82BB /* ko */ = {isa = PBXFileReference; fileEncoding = 10; lastKnownFileType = text.plist.strings; name = ko; path = ko.lproj/MoveApplication.strings; sourceTree = "<group>"; };
		21FB6AFD1BF53EED003C82BB /* mk */ = {isa = PBXFileReference; fileEncoding = 10; lastKnownFileType = text.plist.strings; name = mk; path = mk.lproj/MoveApplication.strings; sourceTree = "<group>"; };
		21FB6AFE1BF53EED003C82BB /* nb */ = {isa = PBXFileReference; fileEncoding = 10; lastKnownFileType = text.plist.strings; name = nb; path = nb.lproj/MoveApplication.strings; sourceTree = "<group>"; };
		21FB6AFF1BF53EED003C82BB /* nl */ = {isa = PBXFileReference; fileEncoding = 10; lastKnownFileType = text.plist.strings; name = nl; path = nl.lproj/MoveApplication.strings; sourceTree = "<group>"; };
		21FB6B001BF53EED003C82BB /* pl */ = {isa = PBXFileReference; fileEncoding = 10; lastKnownFileType = text.plist.strings; name = pl; path = pl.lproj/MoveApplication.strings; sourceTree = "<group>"; };
		21FB6B011BF53EED003C82BB /* pt */ = {isa = PBXFileReference; fileEncoding = 4; lastKnownFileType = text.plist.strings; name = pt; path = pt.lproj/MoveApplication.strings; sourceTree = "<group>"; };
		21FB6B021BF53EED003C82BB /* pt_BR */ = {isa = PBXFileReference; fileEncoding = 10; lastKnownFileType = text.plist.strings; name = pt_BR; path = pt_BR.lproj/MoveApplication.strings; sourceTree = "<group>"; };
		21FB6B031BF53EED003C82BB /* ru */ = {isa = PBXFileReference; fileEncoding = 10; lastKnownFileType = text.plist.strings; name = ru; path = ru.lproj/MoveApplication.strings; sourceTree = "<group>"; };
		21FB6B041BF53EED003C82BB /* sk */ = {isa = PBXFileReference; fileEncoding = 10; lastKnownFileType = text.plist.strings; name = sk; path = sk.lproj/MoveApplication.strings; sourceTree = "<group>"; };
		21FB6B051BF53EED003C82BB /* sr */ = {isa = PBXFileReference; fileEncoding = 10; lastKnownFileType = text.plist.strings; name = sr; path = sr.lproj/MoveApplication.strings; sourceTree = "<group>"; };
		21FB6B061BF53EED003C82BB /* sv */ = {isa = PBXFileReference; fileEncoding = 10; lastKnownFileType = text.plist.strings; name = sv; path = sv.lproj/MoveApplication.strings; sourceTree = "<group>"; };
		21FB6B071BF53EED003C82BB /* tr */ = {isa = PBXFileReference; fileEncoding = 10; lastKnownFileType = text.plist.strings; name = tr; path = tr.lproj/MoveApplication.strings; sourceTree = "<group>"; };
		21FB6B081BF53EED003C82BB /* zh_CN */ = {isa = PBXFileReference; fileEncoding = 10; lastKnownFileType = text.plist.strings; name = zh_CN; path = zh_CN.lproj/MoveApplication.strings; sourceTree = "<group>"; };
		21FB6B091BF53EED003C82BB /* zh_TW */ = {isa = PBXFileReference; fileEncoding = 10; lastKnownFileType = text.plist.strings; name = zh_TW; path = zh_TW.lproj/MoveApplication.strings; sourceTree = "<group>"; };
		21FB6B111BF53F1F003C82BB /* LetsMove-Info.plist */ = {isa = PBXFileReference; fileEncoding = 4; lastKnownFileType = text.plist.xml; path = "LetsMove-Info.plist"; sourceTree = "<group>"; };
		21FB6B121BF53F1F003C82BB /* LetsMove_Prefix.pch */ = {isa = PBXFileReference; fileEncoding = 4; lastKnownFileType = sourcecode.c.h; path = LetsMove_Prefix.pch; sourceTree = "<group>"; };
		21FB6B131BF53F1F003C82BB /* LetsMoveAppDelegate.h */ = {isa = PBXFileReference; fileEncoding = 4; lastKnownFileType = sourcecode.c.h; path = LetsMoveAppDelegate.h; sourceTree = "<group>"; };
		21FB6B141BF53F1F003C82BB /* LetsMoveAppDelegate.m */ = {isa = PBXFileReference; fileEncoding = 4; lastKnownFileType = sourcecode.c.objc; path = LetsMoveAppDelegate.m; sourceTree = "<group>"; };
		21FB6B151BF53F1F003C82BB /* main.m */ = {isa = PBXFileReference; fileEncoding = 4; lastKnownFileType = sourcecode.c.objc; path = main.m; sourceTree = "<group>"; };
		21FB6B161BF53F1F003C82BB /* MainMenu.xib */ = {isa = PBXFileReference; fileEncoding = 4; lastKnownFileType = file.xib; path = MainMenu.xib; sourceTree = "<group>"; };
		29B97324FDCFA39411CA2CEA /* AppKit.framework */ = {isa = PBXFileReference; lastKnownFileType = wrapper.framework; name = AppKit.framework; path = /System/Library/Frameworks/AppKit.framework; sourceTree = "<absolute>"; };
		29B97325FDCFA39411CA2CEA /* Foundation.framework */ = {isa = PBXFileReference; lastKnownFileType = wrapper.framework; name = Foundation.framework; path = /System/Library/Frameworks/Foundation.framework; sourceTree = "<absolute>"; };
		6317AB1D1068842E000355D9 /* Security.framework */ = {isa = PBXFileReference; lastKnownFileType = wrapper.framework; name = Security.framework; path = /System/Library/Frameworks/Security.framework; sourceTree = "<absolute>"; };
		8D1107320486CEB800E47090 /* LetsMove.app */ = {isa = PBXFileReference; explicitFileType = wrapper.application; includeInIndex = 0; path = LetsMove.app; sourceTree = BUILT_PRODUCTS_DIR; };
/* End PBXFileReference section */

/* Begin PBXFrameworksBuildPhase section */
		21FB6AD61BF53E4F003C82BB /* Frameworks */ = {
			isa = PBXFrameworksBuildPhase;
			buildActionMask = 2147483647;
			files = (
			);
			runOnlyForDeploymentPostprocessing = 0;
		};
		8D11072E0486CEB800E47090 /* Frameworks */ = {
			isa = PBXFrameworksBuildPhase;
			buildActionMask = 2147483647;
			files = (
				8D11072F0486CEB800E47090 /* Cocoa.framework in Frameworks */,
				6317AB1E1068842E000355D9 /* Security.framework in Frameworks */,
				21FB6AE11BF53E4F003C82BB /* LetsMove.framework in Frameworks */,
			);
			runOnlyForDeploymentPostprocessing = 0;
		};
/* End PBXFrameworksBuildPhase section */

/* Begin PBXGroup section */
		1058C7A0FEA54F0111CA2CBB /* Linked Frameworks */ = {
			isa = PBXGroup;
			children = (
				1058C7A1FEA54F0111CA2CBB /* Cocoa.framework */,
				6317AB1D1068842E000355D9 /* Security.framework */,
			);
			name = "Linked Frameworks";
			sourceTree = "<group>";
		};
		1058C7A2FEA54F0111CA2CBB /* Other Frameworks */ = {
			isa = PBXGroup;
			children = (
				29B97324FDCFA39411CA2CEA /* AppKit.framework */,
				13E42FB307B3F0F600E4EEF1 /* CoreData.framework */,
				29B97325FDCFA39411CA2CEA /* Foundation.framework */,
			);
			name = "Other Frameworks";
			sourceTree = "<group>";
		};
		19C28FACFE9D520D11CA2CBB /* Products */ = {
			isa = PBXGroup;
			children = (
				8D1107320486CEB800E47090 /* LetsMove.app */,
				21FB6ADA1BF53E4F003C82BB /* LetsMove.framework */,
			);
			name = Products;
			sourceTree = "<group>";
		};
		21FB6ADB1BF53E4F003C82BB /* LetsMove */ = {
			isa = PBXGroup;
			children = (
				21FB6ADC1BF53E4F003C82BB /* LetsMove.h */,
				21FB6AE91BF53EED003C82BB /* PFMoveApplication.h */,
				21FB6AEA1BF53EED003C82BB /* PFMoveApplication.m */,
				21FB6AEB1BF53EED003C82BB /* Resources */,
			);
			path = LetsMove;
			sourceTree = "<group>";
		};
		21FB6AEB1BF53EED003C82BB /* Resources */ = {
			isa = PBXGroup;
			children = (
				21FB6AEC1BF53EED003C82BB /* MoveApplication.strings */,
				21FB6AF91BF53EED003C82BB /* Info.plist */,
			);
			path = Resources;
			sourceTree = "<group>";
		};
		21FB6B101BF53F1F003C82BB /* Example */ = {
			isa = PBXGroup;
			children = (
				21FB6B111BF53F1F003C82BB /* LetsMove-Info.plist */,
				21FB6B121BF53F1F003C82BB /* LetsMove_Prefix.pch */,
				21FB6B131BF53F1F003C82BB /* LetsMoveAppDelegate.h */,
				21FB6B141BF53F1F003C82BB /* LetsMoveAppDelegate.m */,
				21FB6B151BF53F1F003C82BB /* main.m */,
				21FB6B161BF53F1F003C82BB /* MainMenu.xib */,
			);
			path = Example;
			sourceTree = "<group>";
		};
		29B97314FDCFA39411CA2CEA /* LetsMove */ = {
			isa = PBXGroup;
			children = (
				21FB6ADB1BF53E4F003C82BB /* LetsMove */,
				21FB6B101BF53F1F003C82BB /* Example */,
				29B97323FDCFA39411CA2CEA /* Frameworks */,
				19C28FACFE9D520D11CA2CBB /* Products */,
			);
			name = LetsMove;
			sourceTree = "<group>";
		};
		29B97323FDCFA39411CA2CEA /* Frameworks */ = {
			isa = PBXGroup;
			children = (
				1058C7A0FEA54F0111CA2CBB /* Linked Frameworks */,
				1058C7A2FEA54F0111CA2CBB /* Other Frameworks */,
			);
			name = Frameworks;
			sourceTree = "<group>";
		};
/* End PBXGroup section */

/* Begin PBXHeadersBuildPhase section */
		21FB6AD71BF53E4F003C82BB /* Headers */ = {
			isa = PBXHeadersBuildPhase;
			buildActionMask = 2147483647;
			files = (
				21FB6B0A1BF53EED003C82BB /* PFMoveApplication.h in Headers */,
				21FB6ADD1BF53E4F003C82BB /* LetsMove.h in Headers */,
			);
			runOnlyForDeploymentPostprocessing = 0;
		};
/* End PBXHeadersBuildPhase section */

/* Begin PBXNativeTarget section */
		21FB6AD91BF53E4F003C82BB /* LetsMove */ = {
			isa = PBXNativeTarget;
			buildConfigurationList = 21FB6AE31BF53E4F003C82BB /* Build configuration list for PBXNativeTarget "LetsMove" */;
			buildPhases = (
				21FB6AD51BF53E4F003C82BB /* Sources */,
				21FB6AD61BF53E4F003C82BB /* Frameworks */,
				21FB6AD71BF53E4F003C82BB /* Headers */,
				21FB6AD81BF53E4F003C82BB /* Resources */,
			);
			buildRules = (
			);
			dependencies = (
			);
			name = LetsMove;
			productName = LetsMove;
			productReference = 21FB6ADA1BF53E4F003C82BB /* LetsMove.framework */;
			productType = "com.apple.product-type.framework";
		};
		8D1107260486CEB800E47090 /* Example */ = {
			isa = PBXNativeTarget;
			buildConfigurationList = C01FCF4A08A954540054247B /* Build configuration list for PBXNativeTarget "Example" */;
			buildPhases = (
				8D11072C0486CEB800E47090 /* Sources */,
				8D11072E0486CEB800E47090 /* Frameworks */,
				8D1107290486CEB800E47090 /* Resources */,
				21FB6AE61BF53E4F003C82BB /* Embed Frameworks */,
			);
			buildRules = (
			);
			dependencies = (
				21FB6AE01BF53E4F003C82BB /* PBXTargetDependency */,
			);
			name = Example;
			productInstallPath = "$(HOME)/Applications";
			productName = LetsMove;
			productReference = 8D1107320486CEB800E47090 /* LetsMove.app */;
			productType = "com.apple.product-type.application";
		};
/* End PBXNativeTarget section */

/* Begin PBXProject section */
		29B97313FDCFA39411CA2CEA /* Project object */ = {
			isa = PBXProject;
			attributes = {
				LastUpgradeCheck = 0710;
				TargetAttributes = {
					21FB6AD91BF53E4F003C82BB = {
						CreatedOnToolsVersion = 7.1.1;
					};
				};
			};
			buildConfigurationList = C01FCF4E08A954540054247B /* Build configuration list for PBXProject "LetsMove" */;
			compatibilityVersion = "Xcode 3.2";
			developmentRegion = en;
			hasScannedForEncodings = 1;
			knownRegions = (
				ko,
				nb,
				cs,
				en,
				da,
				de,
				es,
				fr,
				it,
				ja,
				nl,
				pt_BR,
				pt,
				ru,
				zh_CN,
				zh_TW,
				pl,
				hu,
				tr,
				sr,
				sv,
				ca,
				sk,
				mk,
			);
			mainGroup = 29B97314FDCFA39411CA2CEA /* LetsMove */;
			projectDirPath = "";
			projectRoot = "";
			targets = (
				8D1107260486CEB800E47090 /* Example */,
				21FB6AD91BF53E4F003C82BB /* LetsMove */,
			);
		};
/* End PBXProject section */

/* Begin PBXResourcesBuildPhase section */
		21FB6AD81BF53E4F003C82BB /* Resources */ = {
			isa = PBXResourcesBuildPhase;
			buildActionMask = 2147483647;
			files = (
				21FB6B0C1BF53EED003C82BB /* MoveApplication.strings in Resources */,
			);
			runOnlyForDeploymentPostprocessing = 0;
		};
		8D1107290486CEB800E47090 /* Resources */ = {
			isa = PBXResourcesBuildPhase;
			buildActionMask = 2147483647;
			files = (
				21FB6B1F1BF53F31003C82BB /* MainMenu.xib in Resources */,
			);
			runOnlyForDeploymentPostprocessing = 0;
		};
/* End PBXResourcesBuildPhase section */

/* Begin PBXSourcesBuildPhase section */
		21FB6AD51BF53E4F003C82BB /* Sources */ = {
			isa = PBXSourcesBuildPhase;
			buildActionMask = 2147483647;
			files = (
				21FB6B0B1BF53EED003C82BB /* PFMoveApplication.m in Sources */,
			);
			runOnlyForDeploymentPostprocessing = 0;
		};
		8D11072C0486CEB800E47090 /* Sources */ = {
			isa = PBXSourcesBuildPhase;
			buildActionMask = 2147483647;
			files = (
				21FB6B1E1BF53F31003C82BB /* main.m in Sources */,
				21FB6B1D1BF53F31003C82BB /* LetsMoveAppDelegate.m in Sources */,
			);
			runOnlyForDeploymentPostprocessing = 0;
		};
/* End PBXSourcesBuildPhase section */

/* Begin PBXTargetDependency section */
		21FB6AE01BF53E4F003C82BB /* PBXTargetDependency */ = {
			isa = PBXTargetDependency;
			target = 21FB6AD91BF53E4F003C82BB /* LetsMove */;
			targetProxy = 21FB6ADF1BF53E4F003C82BB /* PBXContainerItemProxy */;
		};
/* End PBXTargetDependency section */

/* Begin PBXVariantGroup section */
		21FB6AEC1BF53EED003C82BB /* MoveApplication.strings */ = {
			isa = PBXVariantGroup;
			children = (
				21FB6AED1BF53EED003C82BB /* ca */,
				21FB6AEE1BF53EED003C82BB /* cs */,
				21FB6AEF1BF53EED003C82BB /* da */,
				21FB6AF01BF53EED003C82BB /* de */,
				21FB6AF51BF53EED003C82BB /* en */,
				21FB6AF61BF53EED003C82BB /* es */,
				21FB6AF71BF53EED003C82BB /* fr */,
				21FB6AF81BF53EED003C82BB /* hu */,
				21FB6AFA1BF53EED003C82BB /* it */,
				21FB6AFB1BF53EED003C82BB /* ja */,
				21FB6AFC1BF53EED003C82BB /* ko */,
				21FB6AFD1BF53EED003C82BB /* mk */,
				21FB6AFE1BF53EED003C82BB /* nb */,
				21FB6AFF1BF53EED003C82BB /* nl */,
				21FB6B001BF53EED003C82BB /* pl */,
				21FB6B011BF53EED003C82BB /* pt */,
				21FB6B021BF53EED003C82BB /* pt_BR */,
				21FB6B031BF53EED003C82BB /* ru */,
				21FB6B041BF53EED003C82BB /* sk */,
				21FB6B051BF53EED003C82BB /* sr */,
				21FB6B061BF53EED003C82BB /* sv */,
				21FB6B071BF53EED003C82BB /* tr */,
				21FB6B081BF53EED003C82BB /* zh_CN */,
				21FB6B091BF53EED003C82BB /* zh_TW */,
			);
			name = MoveApplication.strings;
			sourceTree = "<group>";
		};
/* End PBXVariantGroup section */

/* Begin XCBuildConfiguration section */
		21FB6AE41BF53E4F003C82BB /* Debug */ = {
			isa = XCBuildConfiguration;
			buildSettings = {
				ALWAYS_SEARCH_USER_PATHS = NO;
				CLANG_CXX_LANGUAGE_STANDARD = "gnu++0x";
				CLANG_CXX_LIBRARY = "libc++";
				CLANG_ENABLE_MODULES = YES;
				CLANG_ENABLE_OBJC_ARC = YES;
				CLANG_WARN_BOOL_CONVERSION = YES;
				CLANG_WARN_CONSTANT_CONVERSION = YES;
				CLANG_WARN_DIRECT_OBJC_ISA_USAGE = YES_ERROR;
				CLANG_WARN_EMPTY_BODY = YES;
				CLANG_WARN_ENUM_CONVERSION = YES;
				CLANG_WARN_INT_CONVERSION = YES;
				CLANG_WARN_OBJC_ROOT_CLASS = YES_ERROR;
				CLANG_WARN_UNREACHABLE_CODE = YES;
				CLANG_WARN__DUPLICATE_METHOD_MATCH = YES;
				COMBINE_HIDPI_IMAGES = YES;
				COPY_PHASE_STRIP = NO;
				CURRENT_PROJECT_VERSION = 1;
				DEBUG_INFORMATION_FORMAT = dwarf;
				DEFINES_MODULE = YES;
				DYLIB_COMPATIBILITY_VERSION = 1;
				DYLIB_CURRENT_VERSION = 1;
				DYLIB_INSTALL_NAME_BASE = "@rpath";
				ENABLE_STRICT_OBJC_MSGSEND = YES;
				ENABLE_TESTABILITY = YES;
				FRAMEWORK_VERSION = A;
				GCC_DYNAMIC_NO_PIC = NO;
				GCC_NO_COMMON_BLOCKS = YES;
				GCC_PREPROCESSOR_DEFINITIONS = (
					"DEBUG=1",
					"$(inherited)",
				);
				GCC_WARN_ABOUT_RETURN_TYPE = YES_ERROR;
				GCC_WARN_UNDECLARED_SELECTOR = YES;
				GCC_WARN_UNINITIALIZED_AUTOS = YES_AGGRESSIVE;
				INFOPLIST_FILE = "$(SRCROOT)/LetsMove/Resources/Info.plist";
				INSTALL_PATH = "$(LOCAL_LIBRARY_DIR)/Frameworks";
				LD_RUNPATH_SEARCH_PATHS = "$(inherited) @executable_path/../Frameworks @loader_path/Frameworks";
				MTL_ENABLE_DEBUG_INFO = YES;
				PRODUCT_BUNDLE_IDENTIFIER = com.potionfactory.LetsMove;
				PRODUCT_NAME = "$(TARGET_NAME)";
				SDKROOT = macosx;
				SKIP_INSTALL = YES;
				VERSIONING_SYSTEM = "apple-generic";
				VERSION_INFO_PREFIX = "";
			};
			name = Debug;
		};
		21FB6AE51BF53E4F003C82BB /* Release */ = {
			isa = XCBuildConfiguration;
			buildSettings = {
				ALWAYS_SEARCH_USER_PATHS = NO;
				CLANG_CXX_LANGUAGE_STANDARD = "gnu++0x";
				CLANG_CXX_LIBRARY = "libc++";
				CLANG_ENABLE_MODULES = YES;
				CLANG_ENABLE_OBJC_ARC = YES;
				CLANG_WARN_BOOL_CONVERSION = YES;
				CLANG_WARN_CONSTANT_CONVERSION = YES;
				CLANG_WARN_DIRECT_OBJC_ISA_USAGE = YES_ERROR;
				CLANG_WARN_EMPTY_BODY = YES;
				CLANG_WARN_ENUM_CONVERSION = YES;
				CLANG_WARN_INT_CONVERSION = YES;
				CLANG_WARN_OBJC_ROOT_CLASS = YES_ERROR;
				CLANG_WARN_UNREACHABLE_CODE = YES;
				CLANG_WARN__DUPLICATE_METHOD_MATCH = YES;
				COMBINE_HIDPI_IMAGES = YES;
				COPY_PHASE_STRIP = NO;
				CURRENT_PROJECT_VERSION = 1;
				DEBUG_INFORMATION_FORMAT = "dwarf-with-dsym";
				DEFINES_MODULE = YES;
				DYLIB_COMPATIBILITY_VERSION = 1;
				DYLIB_CURRENT_VERSION = 1;
				DYLIB_INSTALL_NAME_BASE = "@rpath";
				ENABLE_NS_ASSERTIONS = NO;
				ENABLE_STRICT_OBJC_MSGSEND = YES;
				FRAMEWORK_VERSION = A;
				GCC_NO_COMMON_BLOCKS = YES;
				GCC_WARN_ABOUT_RETURN_TYPE = YES_ERROR;
				GCC_WARN_UNDECLARED_SELECTOR = YES;
				GCC_WARN_UNINITIALIZED_AUTOS = YES_AGGRESSIVE;
				INFOPLIST_FILE = "$(SRCROOT)/LetsMove/Resources/Info.plist";
				INSTALL_PATH = "$(LOCAL_LIBRARY_DIR)/Frameworks";
				LD_RUNPATH_SEARCH_PATHS = "$(inherited) @executable_path/../Frameworks @loader_path/Frameworks";
				MTL_ENABLE_DEBUG_INFO = NO;
				PRODUCT_BUNDLE_IDENTIFIER = com.potionfactory.LetsMove;
				PRODUCT_NAME = "$(TARGET_NAME)";
				SDKROOT = macosx;
				SKIP_INSTALL = YES;
				VERSIONING_SYSTEM = "apple-generic";
				VERSION_INFO_PREFIX = "";
			};
			name = Release;
		};
		C01FCF4B08A954540054247B /* Debug */ = {
			isa = XCBuildConfiguration;
			buildSettings = {
				ALWAYS_SEARCH_USER_PATHS = NO;
				COMBINE_HIDPI_IMAGES = YES;
				COPY_PHASE_STRIP = NO;
				GCC_DYNAMIC_NO_PIC = NO;
				GCC_MODEL_TUNING = G5;
				GCC_OPTIMIZATION_LEVEL = 0;
				GCC_PRECOMPILE_PREFIX_HEADER = YES;
				GCC_PREFIX_HEADER = Example/LetsMove_Prefix.pch;
				INFOPLIST_FILE = "Example/LetsMove-Info.plist";
				INSTALL_PATH = "$(HOME)/Applications";
				LD_RUNPATH_SEARCH_PATHS = "$(inherited) @executable_path/../Frameworks";
				PRODUCT_NAME = LetsMove;
			};
			name = Debug;
		};
		C01FCF4C08A954540054247B /* Release */ = {
			isa = XCBuildConfiguration;
			buildSettings = {
				ALWAYS_SEARCH_USER_PATHS = NO;
				COMBINE_HIDPI_IMAGES = YES;
				DEBUG_INFORMATION_FORMAT = "dwarf-with-dsym";
				GCC_MODEL_TUNING = G5;
				GCC_PRECOMPILE_PREFIX_HEADER = YES;
				GCC_PREFIX_HEADER = Example/LetsMove_Prefix.pch;
				INFOPLIST_FILE = "Example/LetsMove-Info.plist";
				INSTALL_PATH = "$(HOME)/Applications";
				LD_RUNPATH_SEARCH_PATHS = "$(inherited) @executable_path/../Frameworks";
				PRODUCT_NAME = LetsMove;
			};
			name = Release;
		};
		C01FCF4F08A954540054247B /* Debug */ = {
			isa = XCBuildConfiguration;
			buildSettings = {
				CLANG_WARN_IMPLICIT_SIGN_CONVERSION = YES;
				CLANG_WARN_SUSPICIOUS_IMPLICIT_CONVERSION = YES;
				ENABLE_TESTABILITY = YES;
				GCC_C_LANGUAGE_STANDARD = gnu99;
				GCC_OPTIMIZATION_LEVEL = 0;
				GCC_TREAT_IMPLICIT_FUNCTION_DECLARATIONS_AS_ERRORS = YES;
				GCC_TREAT_INCOMPATIBLE_POINTER_TYPE_WARNINGS_AS_ERRORS = YES;
				"GCC_VERSION[sdk=macosx10.4][arch=*]" = 4.0;
				GCC_WARN_64_TO_32_BIT_CONVERSION = YES;
				GCC_WARN_ABOUT_MISSING_NEWLINE = YES;
				GCC_WARN_ABOUT_MISSING_PROTOTYPES = YES;
				GCC_WARN_ABOUT_RETURN_TYPE = YES;
				GCC_WARN_FOUR_CHARACTER_CONSTANTS = YES;
				GCC_WARN_INITIALIZER_NOT_FULLY_BRACKETED = YES;
				GCC_WARN_SHADOW = YES;
				GCC_WARN_SIGN_COMPARE = YES;
				GCC_WARN_UNKNOWN_PRAGMAS = YES;
				GCC_WARN_UNUSED_FUNCTION = YES;
				GCC_WARN_UNUSED_VARIABLE = YES;
				MACOSX_DEPLOYMENT_TARGET = 10.6;
				ONLY_ACTIVE_ARCH = YES;
			};
			name = Debug;
		};
		C01FCF5008A954540054247B /* Release */ = {
			isa = XCBuildConfiguration;
			buildSettings = {
				CLANG_WARN_IMPLICIT_SIGN_CONVERSION = YES;
				CLANG_WARN_SUSPICIOUS_IMPLICIT_CONVERSION = YES;
				GCC_C_LANGUAGE_STANDARD = gnu99;
				GCC_TREAT_IMPLICIT_FUNCTION_DECLARATIONS_AS_ERRORS = YES;
				GCC_TREAT_INCOMPATIBLE_POINTER_TYPE_WARNINGS_AS_ERRORS = YES;
				"GCC_VERSION[sdk=macosx10.4][arch=*]" = 4.0;
				GCC_WARN_64_TO_32_BIT_CONVERSION = YES;
				GCC_WARN_ABOUT_MISSING_NEWLINE = YES;
				GCC_WARN_ABOUT_MISSING_PROTOTYPES = YES;
				GCC_WARN_ABOUT_RETURN_TYPE = YES;
				GCC_WARN_FOUR_CHARACTER_CONSTANTS = YES;
				GCC_WARN_INITIALIZER_NOT_FULLY_BRACKETED = YES;
				GCC_WARN_SHADOW = YES;
				GCC_WARN_SIGN_COMPARE = YES;
				GCC_WARN_UNKNOWN_PRAGMAS = YES;
				GCC_WARN_UNUSED_FUNCTION = YES;
				GCC_WARN_UNUSED_VARIABLE = YES;
				MACOSX_DEPLOYMENT_TARGET = 10.6;
			};
			name = Release;
		};
/* End XCBuildConfiguration section */

/* Begin XCConfigurationList section */
		21FB6AE31BF53E4F003C82BB /* Build configuration list for PBXNativeTarget "LetsMove" */ = {
			isa = XCConfigurationList;
			buildConfigurations = (
				21FB6AE41BF53E4F003C82BB /* Debug */,
				21FB6AE51BF53E4F003C82BB /* Release */,
			);
			defaultConfigurationIsVisible = 0;
			defaultConfigurationName = Release;
		};
		C01FCF4A08A954540054247B /* Build configuration list for PBXNativeTarget "Example" */ = {
			isa = XCConfigurationList;
			buildConfigurations = (
				C01FCF4B08A954540054247B /* Debug */,
				C01FCF4C08A954540054247B /* Release */,
			);
			defaultConfigurationIsVisible = 0;
			defaultConfigurationName = Release;
		};
		C01FCF4E08A954540054247B /* Build configuration list for PBXProject "LetsMove" */ = {
			isa = XCConfigurationList;
			buildConfigurations = (
				C01FCF4F08A954540054247B /* Debug */,
				C01FCF5008A954540054247B /* Release */,
			);
			defaultConfigurationIsVisible = 0;
			defaultConfigurationName = Release;
		};
/* End XCConfigurationList section */
	};
	rootObject = 29B97313FDCFA39411CA2CEA /* Project object */;
}
